// !$*UTF8*$!
{
	archiveVersion = 1;
	classes = {
	};
	objectVersion = 56;
	objects = {

/* Begin PBXBuildFile section */
		FD10DEA42B8F838800450B30 /* AppDelegate.swift in Sources */ = {isa = PBXBuildFile; fileRef = FD10DEA32B8F838800450B30 /* AppDelegate.swift */; };
		FD10DEA62B8F838800450B30 /* SceneDelegate.swift in Sources */ = {isa = PBXBuildFile; fileRef = FD10DEA52B8F838800450B30 /* SceneDelegate.swift */; };
		FD10DEA82B8F838800450B30 /* DashboardViewController.swift in Sources */ = {isa = PBXBuildFile; fileRef = FD10DEA72B8F838800450B30 /* DashboardViewController.swift */; };
		FD10DEAB2B8F838800450B30 /* Main.storyboard in Resources */ = {isa = PBXBuildFile; fileRef = FD10DEA92B8F838800450B30 /* Main.storyboard */; };
		FD10DEAD2B8F838900450B30 /* Assets.xcassets in Resources */ = {isa = PBXBuildFile; fileRef = FD10DEAC2B8F838900450B30 /* Assets.xcassets */; };
		FD10DEB02B8F838900450B30 /* LaunchScreen.storyboard in Resources */ = {isa = PBXBuildFile; fileRef = FD10DEAE2B8F838900450B30 /* LaunchScreen.storyboard */; };
		FD10DEB82B8F944000450B30 /* MasterPage.swift in Sources */ = {isa = PBXBuildFile; fileRef = FD10DEB72B8F944000450B30 /* MasterPage.swift */; };
		FD10DEBA2B8F949E00450B30 /* DetailViewController.swift in Sources */ = {isa = PBXBuildFile; fileRef = FD10DEB92B8F949E00450B30 /* DetailViewController.swift */; };
/* End PBXBuildFile section */

/* Begin PBXFileReference section */
		FD10DEA02B8F838800450B30 /* introduceYourFamily.app */ = {isa = PBXFileReference; explicitFileType = wrapper.application; includeInIndex = 0; path = introduceYourFamily.app; sourceTree = BUILT_PRODUCTS_DIR; };
		FD10DEA32B8F838800450B30 /* AppDelegate.swift */ = {isa = PBXFileReference; lastKnownFileType = sourcecode.swift; path = AppDelegate.swift; sourceTree = "<group>"; };
		FD10DEA52B8F838800450B30 /* SceneDelegate.swift */ = {isa = PBXFileReference; lastKnownFileType = sourcecode.swift; path = SceneDelegate.swift; sourceTree = "<group>"; };
		FD10DEA72B8F838800450B30 /* DashboardViewController.swift */ = {isa = PBXFileReference; lastKnownFileType = sourcecode.swift; path = DashboardViewController.swift; sourceTree = "<group>"; };
		FD10DEAA2B8F838800450B30 /* Base */ = {isa = PBXFileReference; lastKnownFileType = file.storyboard; name = Base; path = Base.lproj/Main.storyboard; sourceTree = "<group>"; };
		FD10DEAC2B8F838900450B30 /* Assets.xcassets */ = {isa = PBXFileReference; lastKnownFileType = folder.assetcatalog; path = Assets.xcassets; sourceTree = "<group>"; };
		FD10DEAF2B8F838900450B30 /* Base */ = {isa = PBXFileReference; lastKnownFileType = file.storyboard; name = Base; path = Base.lproj/LaunchScreen.storyboard; sourceTree = "<group>"; };
		FD10DEB12B8F838900450B30 /* Info.plist */ = {isa = PBXFileReference; lastKnownFileType = text.plist.xml; path = Info.plist; sourceTree = "<group>"; };
		FD10DEB72B8F944000450B30 /* MasterPage.swift */ = {isa = PBXFileReference; lastKnownFileType = sourcecode.swift; path = MasterPage.swift; sourceTree = "<group>"; };
		FD10DEB92B8F949E00450B30 /* DetailViewController.swift */ = {isa = PBXFileReference; lastKnownFileType = sourcecode.swift; path = DetailViewController.swift; sourceTree = "<group>"; };
/* End PBXFileReference section */

/* Begin PBXFrameworksBuildPhase section */
		FD10DE9D2B8F838800450B30 /* Frameworks */ = {
			isa = PBXFrameworksBuildPhase;
			buildActionMask = 2147483647;
			files = (
			);
			runOnlyForDeploymentPostprocessing = 0;
		};
/* End PBXFrameworksBuildPhase section */

/* Begin PBXGroup section */
		FD10DE972B8F838800450B30 = {
			isa = PBXGroup;
			children = (
				FD10DEA22B8F838800450B30 /* introduceYourFamily */,
				FD10DEA12B8F838800450B30 /* Products */,
			);
			sourceTree = "<group>";
		};
		FD10DEA12B8F838800450B30 /* Products */ = {
			isa = PBXGroup;
			children = (
				FD10DEA02B8F838800450B30 /* introduceYourFamily.app */,
			);
			name = Products;
			sourceTree = "<group>";
		};
		FD10DEA22B8F838800450B30 /* introduceYourFamily */ = {
			isa = PBXGroup;
			children = (
				FD10DEA32B8F838800450B30 /* AppDelegate.swift */,
				FD10DEA52B8F838800450B30 /* SceneDelegate.swift */,
				FD10DEA72B8F838800450B30 /* DashboardViewController.swift */,
				FD10DEA92B8F838800450B30 /* Main.storyboard */,
				FD10DEB92B8F949E00450B30 /* DetailViewController.swift */,
				FD10DEB72B8F944000450B30 /* MasterPage.swift */,
				FD10DEAC2B8F838900450B30 /* Assets.xcassets */,
				FD10DEAE2B8F838900450B30 /* LaunchScreen.storyboard */,
				FD10DEB12B8F838900450B30 /* Info.plist */,
			);
			path = introduceYourFamily;
			sourceTree = "<group>";
		};
/* End PBXGroup section */

/* Begin PBXNativeTarget section */
		FD10DE9F2B8F838800450B30 /* introduceYourFamily */ = {
			isa = PBXNativeTarget;
			buildConfigurationList = FD10DEB42B8F838900450B30 /* Build configuration list for PBXNativeTarget "introduceYourFamily" */;
			buildPhases = (
				FD10DE9C2B8F838800450B30 /* Sources */,
				FD10DE9D2B8F838800450B30 /* Frameworks */,
				FD10DE9E2B8F838800450B30 /* Resources */,
			);
			buildRules = (
			);
			dependencies = (
			);
			name = introduceYourFamily;
			productName = introduceYourFamily;
			productReference = FD10DEA02B8F838800450B30 /* introduceYourFamily.app */;
			productType = "com.apple.product-type.application";
		};
/* End PBXNativeTarget section */

/* Begin PBXProject section */
		FD10DE982B8F838800450B30 /* Project object */ = {
			isa = PBXProject;
			attributes = {
				BuildIndependentTargetsInParallel = 1;
				LastSwiftUpdateCheck = 1520;
				LastUpgradeCheck = 1520;
				TargetAttributes = {
					FD10DE9F2B8F838800450B30 = {
						CreatedOnToolsVersion = 15.2;
					};
				};
			};
			buildConfigurationList = FD10DE9B2B8F838800450B30 /* Build configuration list for PBXProject "introduceYourFamily" */;
			compatibilityVersion = "Xcode 14.0";
			developmentRegion = en;
			hasScannedForEncodings = 0;
			knownRegions = (
				en,
				Base,
			);
			mainGroup = FD10DE972B8F838800450B30;
			productRefGroup = FD10DEA12B8F838800450B30 /* Products */;
			projectDirPath = "";
			projectRoot = "";
			targets = (
				FD10DE9F2B8F838800450B30 /* introduceYourFamily */,
			);
		};
/* End PBXProject section */

/* Begin PBXResourcesBuildPhase section */
		FD10DE9E2B8F838800450B30 /* Resources */ = {
			isa = PBXResourcesBuildPhase;
			buildActionMask = 2147483647;
			files = (
				FD10DEB02B8F838900450B30 /* LaunchScreen.storyboard in Resources */,
				FD10DEAD2B8F838900450B30 /* Assets.xcassets in Resources */,
				FD10DEAB2B8F838800450B30 /* Main.storyboard in Resources */,
			);
			runOnlyForDeploymentPostprocessing = 0;
		};
/* End PBXResourcesBuildPhase section */

/* Begin PBXSourcesBuildPhase section */
		FD10DE9C2B8F838800450B30 /* Sources */ = {
			isa = PBXSourcesBuildPhase;
			buildActionMask = 2147483647;
			files = (
				FD10DEB82B8F944000450B30 /* MasterPage.swift in Sources */,
				FD10DEA82B8F838800450B30 /* DashboardViewController.swift in Sources */,
				FD10DEBA2B8F949E00450B30 /* DetailViewController.swift in Sources */,
				FD10DEA42B8F838800450B30 /* AppDelegate.swift in Sources */,
				FD10DEA62B8F838800450B30 /* SceneDelegate.swift in Sources */,
			);
			runOnlyForDeploymentPostprocessing = 0;
		};
/* End PBXSourcesBuildPhase section */

/* Begin PBXVariantGroup section */
		FD10DEA92B8F838800450B30 /* Main.storyboard */ = {
			isa = PBXVariantGroup;
			children = (
				FD10DEAA2B8F838800450B30 /* Base */,
			);
			name = Main.storyboard;
			sourceTree = "<group>";
		};
		FD10DEAE2B8F838900450B30 /* LaunchScreen.storyboard */ = {
			isa = PBXVariantGroup;
			children = (
				FD10DEAF2B8F838900450B30 /* Base */,
			);
			name = LaunchScreen.storyboard;
			sourceTree = "<group>";
		};
/* End PBXVariantGroup section */

/* Begin XCBuildConfiguration section */
		FD10DEB22B8F838900450B30 /* Debug */ = {
			isa = XCBuildConfiguration;
			buildSettings = {
				ALWAYS_SEARCH_USER_PATHS = NO;
				ASSETCATALOG_COMPILER_GENERATE_SWIFT_ASSET_SYMBOL_EXTENSIONS = YES;
				CLANG_ANALYZER_NONNULL = YES;
				CLANG_ANALYZER_NUMBER_OBJECT_CONVERSION = YES_AGGRESSIVE;
				CLANG_CXX_LANGUAGE_STANDARD = "gnu++20";
				CLANG_ENABLE_MODULES = YES;
				CLANG_ENABLE_OBJC_ARC = YES;
				CLANG_ENABLE_OBJC_WEAK = YES;
				CLANG_WARN_BLOCK_CAPTURE_AUTORELEASING = YES;
				CLANG_WARN_BOOL_CONVERSION = YES;
				CLANG_WARN_COMMA = YES;
				CLANG_WARN_CONSTANT_CONVERSION = YES;
				CLANG_WARN_DEPRECATED_OBJC_IMPLEMENTATIONS = YES;
				CLANG_WARN_DIRECT_OBJC_ISA_USAGE = YES_ERROR;
				CLANG_WARN_DOCUMENTATION_COMMENTS = YES;
				CLANG_WARN_EMPTY_BODY = YES;
				CLANG_WARN_ENUM_CONVERSION = YES;
				CLANG_WARN_INFINITE_RECURSION = YES;
				CLANG_WARN_INT_CONVERSION = YES;
				CLANG_WARN_NON_LITERAL_NULL_CONVERSION = YES;
				CLANG_WARN_OBJC_IMPLICIT_RETAIN_SELF = YES;
				CLANG_WARN_OBJC_LITERAL_CONVERSION = YES;
				CLANG_WARN_OBJC_ROOT_CLASS = YES_ERROR;
				CLANG_WARN_QUOTED_INCLUDE_IN_FRAMEWORK_HEADER = YES;
				CLANG_WARN_RANGE_LOOP_ANALYSIS = YES;
				CLANG_WARN_STRICT_PROTOTYPES = YES;
				CLANG_WARN_SUSPICIOUS_MOVE = YES;
				CLANG_WARN_UNGUARDED_AVAILABILITY = YES_AGGRESSIVE;
				CLANG_WARN_UNREACHABLE_CODE = YES;
				CLANG_WARN__DUPLICATE_METHOD_MATCH = YES;
				COPY_PHASE_STRIP = NO;
				DEBUG_INFORMATION_FORMAT = dwarf;
				ENABLE_STRICT_OBJC_MSGSEND = YES;
				ENABLE_TESTABILITY = YES;
				ENABLE_USER_SCRIPT_SANDBOXING = YES;
				GCC_C_LANGUAGE_STANDARD = gnu17;
				GCC_DYNAMIC_NO_PIC = NO;
				GCC_NO_COMMON_BLOCKS = YES;
				GCC_OPTIMIZATION_LEVEL = 0;
				GCC_PREPROCESSOR_DEFINITIONS = (
					"DEBUG=1",
					"$(inherited)",
				);
				GCC_WARN_64_TO_32_BIT_CONVERSION = YES;
				GCC_WARN_ABOUT_RETURN_TYPE = YES_ERROR;
				GCC_WARN_UNDECLARED_SELECTOR = YES;
				GCC_WARN_UNINITIALIZED_AUTOS = YES_AGGRESSIVE;
				GCC_WARN_UNUSED_FUNCTION = YES;
				GCC_WARN_UNUSED_VARIABLE = YES;
				IPHONEOS_DEPLOYMENT_TARGET = 17.2;
				LOCALIZATION_PREFERS_STRING_CATALOGS = YES;
				MTL_ENABLE_DEBUG_INFO = INCLUDE_SOURCE;
				MTL_FAST_MATH = YES;
				ONLY_ACTIVE_ARCH = YES;
				SDKROOT = iphoneos;
				SWIFT_ACTIVE_COMPILATION_CONDITIONS = "DEBUG $(inherited)";
				SWIFT_OPTIMIZATION_LEVEL = "-Onone";
			};
			name = Debug;
		};
		FD10DEB32B8F838900450B30 /* Release */ = {
			isa = XCBuildConfiguration;
			buildSettings = {
				ALWAYS_SEARCH_USER_PATHS = NO;
				ASSETCATALOG_COMPILER_GENERATE_SWIFT_ASSET_SYMBOL_EXTENSIONS = YES;
				CLANG_ANALYZER_NONNULL = YES;
				CLANG_ANALYZER_NUMBER_OBJECT_CONVERSION = YES_AGGRESSIVE;
				CLANG_CXX_LANGUAGE_STANDARD = "gnu++20";
				CLANG_ENABLE_MODULES = YES;
				CLANG_ENABLE_OBJC_ARC = YES;
				CLANG_ENABLE_OBJC_WEAK = YES;
				CLANG_WARN_BLOCK_CAPTURE_AUTORELEASING = YES;
				CLANG_WARN_BOOL_CONVERSION = YES;
				CLANG_WARN_COMMA = YES;
				CLANG_WARN_CONSTANT_CONVERSION = YES;
				CLANG_WARN_DEPRECATED_OBJC_IMPLEMENTATIONS = YES;
				CLANG_WARN_DIRECT_OBJC_ISA_USAGE = YES_ERROR;
				CLANG_WARN_DOCUMENTATION_COMMENTS = YES;
				CLANG_WARN_EMPTY_BODY = YES;
				CLANG_WARN_ENUM_CONVERSION = YES;
				CLANG_WARN_INFINITE_RECURSION = YES;
				CLANG_WARN_INT_CONVERSION = YES;
				CLANG_WARN_NON_LITERAL_NULL_CONVERSION = YES;
				CLANG_WARN_OBJC_IMPLICIT_RETAIN_SELF = YES;
				CLANG_WARN_OBJC_LITERAL_CONVERSION = YES;
				CLANG_WARN_OBJC_ROOT_CLASS = YES_ERROR;
				CLANG_WARN_QUOTED_INCLUDE_IN_FRAMEWORK_HEADER = YES;
				CLANG_WARN_RANGE_LOOP_ANALYSIS = YES;
				CLANG_WARN_STRICT_PROTOTYPES = YES;
				CLANG_WARN_SUSPICIOUS_MOVE = YES;
				CLANG_WARN_UNGUARDED_AVAILABILITY = YES_AGGRESSIVE;
				CLANG_WARN_UNREACHABLE_CODE = YES;
				CLANG_WARN__DUPLICATE_METHOD_MATCH = YES;
				COPY_PHASE_STRIP = NO;
				DEBUG_INFORMATION_FORMAT = "dwarf-with-dsym";
				ENABLE_NS_ASSERTIONS = NO;
				ENABLE_STRICT_OBJC_MSGSEND = YES;
				ENABLE_USER_SCRIPT_SANDBOXING = YES;
				GCC_C_LANGUAGE_STANDARD = gnu17;
				GCC_NO_COMMON_BLOCKS = YES;
				GCC_WARN_64_TO_32_BIT_CONVERSION = YES;
				GCC_WARN_ABOUT_RETURN_TYPE = YES_ERROR;
				GCC_WARN_UNDECLARED_SELECTOR = YES;
				GCC_WARN_UNINITIALIZED_AUTOS = YES_AGGRESSIVE;
				GCC_WARN_UNUSED_FUNCTION = YES;
				GCC_WARN_UNUSED_VARIABLE = YES;
				IPHONEOS_DEPLOYMENT_TARGET = 17.2;
				LOCALIZATION_PREFERS_STRING_CATALOGS = YES;
				MTL_ENABLE_DEBUG_INFO = NO;
				MTL_FAST_MATH = YES;
				SDKROOT = iphoneos;
				SWIFT_COMPILATION_MODE = wholemodule;
				VALIDATE_PRODUCT = YES;
			};
			name = Release;
		};
		FD10DEB52B8F838900450B30 /* Debug */ = {
			isa = XCBuildConfiguration;
			buildSettings = {
				ASSETCATALOG_COMPILER_APPICON_NAME = AppIcon;
				ASSETCATALOG_COMPILER_GLOBAL_ACCENT_COLOR_NAME = AccentColor;
				CODE_SIGN_STYLE = Automatic;
				CURRENT_PROJECT_VERSION = 1;
				DEVELOPMENT_TEAM = 85Q729JR8Z;
				GENERATE_INFOPLIST_FILE = YES;
				INFOPLIST_FILE = introduceYourFamily/Info.plist;
				INFOPLIST_KEY_UIApplicationSupportsIndirectInputEvents = YES;
				INFOPLIST_KEY_UILaunchStoryboardName = LaunchScreen;
				INFOPLIST_KEY_UIMainStoryboardFile = Main;
				INFOPLIST_KEY_UISupportedInterfaceOrientations_iPad = "UIInterfaceOrientationPortrait UIInterfaceOrientationPortraitUpsideDown UIInterfaceOrientationLandscapeLeft UIInterfaceOrientationLandscapeRight";
				INFOPLIST_KEY_UISupportedInterfaceOrientations_iPhone = "UIInterfaceOrientationPortrait UIInterfaceOrientationLandscapeLeft UIInterfaceOrientationLandscapeRight";
				LD_RUNPATH_SEARCH_PATHS = (
					"$(inherited)",
					"@executable_path/Frameworks",
				);
				MARKETING_VERSION = 1.0;
				PRODUCT_BUNDLE_IDENTIFIER = com.stengel.introduceYourFamily;
				PRODUCT_NAME = "$(TARGET_NAME)";
				SWIFT_EMIT_LOC_STRINGS = YES;
				SWIFT_VERSION = 5.0;
				TARGETED_DEVICE_FAMILY = "1,2";
			};
			name = Debug;
		};
		FD10DEB62B8F838900450B30 /* Release */ = {
			isa = XCBuildConfiguration;
			buildSettings = {
				ASSETCATALOG_COMPILER_APPICON_NAME = AppIcon;
				ASSETCATALOG_COMPILER_GLOBAL_ACCENT_COLOR_NAME = AccentColor;
				CODE_SIGN_STYLE = Automatic;
				CURRENT_PROJECT_VERSION = 1;
				DEVELOPMENT_TEAM = 85Q729JR8Z;
				GENERATE_INFOPLIST_FILE = YES;
				INFOPLIST_FILE = introduceYourFamily/Info.plist;
				INFOPLIST_KEY_UIApplicationSupportsIndirectInputEvents = YES;
				INFOPLIST_KEY_UILaunchStoryboardName = LaunchScreen;
				INFOPLIST_KEY_UIMainStoryboardFile = Main;
				INFOPLIST_KEY_UISupportedInterfaceOrientations_iPad = "UIInterfaceOrientationPortrait UIInterfaceOrientationPortraitUpsideDown UIInterfaceOrientationLandscapeLeft UIInterfaceOrientationLandscapeRight";
				INFOPLIST_KEY_UISupportedInterfaceOrientations_iPhone = "UIInterfaceOrientationPortrait UIInterfaceOrientationLandscapeLeft UIInterfaceOrientationLandscapeRight";
				LD_RUNPATH_SEARCH_PATHS = (
					"$(inherited)",
					"@executable_path/Frameworks",
				);
				MARKETING_VERSION = 1.0;
				PRODUCT_BUNDLE_IDENTIFIER = com.stengel.introduceYourFamily;
				PRODUCT_NAME = "$(TARGET_NAME)";
				SWIFT_EMIT_LOC_STRINGS = YES;
				SWIFT_VERSION = 5.0;
				TARGETED_DEVICE_FAMILY = "1,2";
			};
			name = Release;
		};
/* End XCBuildConfiguration section */

/* Begin XCConfigurationList section */
		FD10DE9B2B8F838800450B30 /* Build configuration list for PBXProject "introduceYourFamily" */ = {
			isa = XCConfigurationList;
			buildConfigurations = (
				FD10DEB22B8F838900450B30 /* Debug */,
				FD10DEB32B8F838900450B30 /* Release */,
			);
			defaultConfigurationIsVisible = 0;
			defaultConfigurationName = Release;
		};
		FD10DEB42B8F838900450B30 /* Build configuration list for PBXNativeTarget "introduceYourFamily" */ = {
			isa = XCConfigurationList;
			buildConfigurations = (
				FD10DEB52B8F838900450B30 /* Debug */,
				FD10DEB62B8F838900450B30 /* Release */,
			);
			defaultConfigurationIsVisible = 0;
			defaultConfigurationName = Release;
		};
/* End XCConfigurationList section */
	};
	rootObject = FD10DE982B8F838800450B30 /* Project object */;
}
